
Microsoft Visual Studio Solution File, Format Version 12.00
# Visual Studio 2012
Project("{FAE04EC0-301F-11D3-BF4B-00C04F79EFBC}") = "PvcAjaxmin", "src\PvcAjaxmin.csproj", "{CC342197-F184-4AEA-AC8C-373FE0676B43}"
EndProject
Project("{2150E333-8FDC-42A3-9474-1A3956D46DE8}") = "Solution Items", "Solution Items", "{008731B6-2F71-4AD3-B303-BD1C9670DB07}"
	ProjectSection(SolutionItems) = preProject
		README.md = README.md
	EndProjectSection
EndProject
Global
	GlobalSection(SolutionConfigurationPlatforms) = preSolution
		Debug|Any CPU = Debug|Any CPU
		Release|Any CPU = Release|Any CPU
	EndGlobalSection
	GlobalSection(ProjectConfigurationPlatforms) = postSolution
		{CC342197-F184-4AEA-AC8C-373FE0676B43}.Debug|Any CPU.ActiveCfg = Debug|Any CPU
		{CC342197-F184-4AEA-AC8C-373FE0676B43}.Debug|Any CPU.Build.0 = Debug|Any CPU
		{CC342197-F184-4AEA-AC8C-373FE0676B43}.Release|Any CPU.ActiveCfg = Release|Any CPU
		{CC342197-F184-4AEA-AC8C-373FE0676B43}.Release|Any CPU.Build.0 = Release|Any CPU
	EndGlobalSection
	GlobalSection(SolutionProperties) = preSolution
		HideSolutionNode = FALSE
	EndGlobalSection
EndGlobal
